{
  "name": "remodex",
  "version": "1.5.5",
  "lockfileVersion": 3,
  "requires": true,
  "packages": {
    "": {
      "name": "remodex",
      "version": "1.5.5",
      "hasInstallScript": true,
      "license": "Apache-2.0",
      "dependencies": {
        "@anthropic-ai/claude-agent-sdk": "^0.3.146",
        "qrcode-terminal": "^0.12.0",
        "ws": "^8.19.0"
      },
      "bin": {
        "remodex": "bin/remodex.js",
        "remodex-jsonl-diagnose": "bin/remodex-jsonl-diagnose.js"
      }
    },
    "node_modules/@anthropic-ai/claude-agent-sdk": {
      "version": "0.3.146",
      "resolved": "https://registry.npmjs.org/@anthropic-ai/claude-agent-sdk/-/claude-agent-sdk-0.3.146.tgz",
      "integrity": "sha512-hK9/Ng+hOyexUemTxdIUsSWJ9o2LFi2YNWzHwz8/YMCohUYOnFMZkBiENvUAb0WIc5hieOyBZrOIlg5OewuJMg==",
      "license": "SEE LICENSE IN README.md",
      "engines": {
        "node": ">=18.0.0"
      },
      "optionalDependencies": {
        "@anthropic-ai/claude-agent-sdk-darwin-arm64": "0.3.146",
        "@anthropic-ai/claude-agent-sdk-darwin-x64": "0.3.146",
        "@anthropic-ai/claude-agent-sdk-linux-arm64": "0.3.146",
        "@anthropic-ai/claude-agent-sdk-linux-arm64-musl": "0.3.146",
        "@anthropic-ai/claude-agent-sdk-linux-x64": "0.3.146",
        "@anthropic-ai/claude-agent-sdk-linux-x64-musl": "0.3.146",
        "@anthropic-ai/claude-agent-sdk-win32-arm64": "0.3.146",
        "@anthropic-ai/claude-agent-sdk-win32-x64": "0.3.146"
      },
      "peerDependencies": {
        "@anthropic-ai/sdk": ">=0.93.0",
        "@modelcontextprotocol/sdk": "^1.29.0",
        "zod": "^4.0.0"
      }
    },
    "node_modules/@anthropic-ai/claude-agent-sdk-darwin-arm64": {
      "version": "0.3.146",
      "resolved": "https://registry.npmjs.org/@anthropic-ai/claude-agent-sdk-darwin-arm64/-/claude-agent-sdk-darwin-arm64-0.3.146.tgz",
      "integrity": "sha512-0IIvlEaenq2CRSVx5Bo5BaCtHQXS87GancM35WKEYveGVLn6DI+5G7ikYuTE4AKRPkMnogFtY4BJt6LulWGj+A==",
      "cpu": [
        "arm64"
      ],
      "license": "SEE LICENSE IN LICENSE.md",
      "optional": true,
      "os": [
        "darwin"
      ]
    },
    "node_modules/@anthropic-ai/claude-agent-sdk-darwin-x64": {
      "version": "0.3.146",
      "resolved": "https://registry.npmjs.org/@anthropic-ai/claude-agent-sdk-darwin-x64/-/claude-agent-sdk-darwin-x64-0.3.146.tgz",
      "integrity": "sha512-Dk5xJ03Ff1JXbMRP1t2wc/TyfY6xF/2Ysp31wMhFPjoNiKSPHMWaIg242+T3CHdxLWmJ8plWHL1HL5cyZ/LCkw==",
      "cpu": [
        "x64"
      ],
      "license": "SEE LICENSE IN LICENSE.md",
      "optional": true,
      "os": [
        "darwin"
      ]
    },
    "node_modules/@anthropic-ai/claude-agent-sdk-linux-arm64": {
      "version": "0.3.146",
      "resolved": "https://registry.npmjs.org/@anthropic-ai/claude-agent-sdk-linux-arm64/-/claude-agent-sdk-linux-arm64-0.3.146.tgz",
      "integrity": "sha512-mzBXDDWWBAC/vDtAYpO1G/dq5QvJtYSPXsqcb+sNdcDhiuf4IYnYp7ytRncYlsUNDkLmX6Gk2jkWAHUUA2Lozg==",
      "cpu": [
        "arm64"
      ],
      "license": "SEE LICENSE IN LICENSE.md",
      "optional": true,
      "os": [
        "linux"
      ]
    },
    "node_modules/@anthropic-ai/claude-agent-sdk-linux-arm64-musl": {
      "version": "0.3.146",
      "resolved": "https://registry.npmjs.org/@anthropic-ai/claude-agent-sdk-linux-arm64-musl/-/claude-agent-sdk-linux-arm64-musl-0.3.146.tgz",
      "integrity": "sha512-QlCid0ucdrmhUAOewfQjaofN2wlokWcfFTxSFePTSj1umk35JO7TDFP700F7jU49r1fPWIdvJpPwWGyB0DeFPA==",
      "cpu": [
        "arm64"
      ],
      "license": "SEE LICENSE IN LICENSE.md",
      "optional": true,
      "os": [
        "linux"
      ]
    },
    "node_modules/@anthropic-ai/claude-agent-sdk-linux-x64": {
      "version": "0.3.146",
      "resolved": "https://registry.npmjs.org/@anthropic-ai/claude-agent-sdk-linux-x64/-/claude-agent-sdk-linux-x64-0.3.146.tgz",
      "integrity": "sha512-B2baXU1tCBT5CVlD7jJMKjpC4xdO45NUIWpqImmwuOfKvlM/PITjyTXyTY662mGZf1dBmdqBBsqirwFH/jhi8Q==",
      "cpu": [
        "x64"
      ],
      "license": "SEE LICENSE IN LICENSE.md",
      "optional": true,
      "os": [
        "linux"
      ]
    },
    "node_modules/@anthropic-ai/claude-agent-sdk-linux-x64-musl": {
      "version": "0.3.146",
      "resolved": "https://registry.npmjs.org/@anthropic-ai/claude-agent-sdk-linux-x64-musl/-/claude-agent-sdk-linux-x64-musl-0.3.146.tgz",
      "integrity": "sha512-E3coK1ThQT08KIX80RLcsq7DWXFllCKOzoOe32it/bdtY56TBgPY9xemwXhIJ+cVBHTI9/MpBSIlKBcFCt+yQA==",
      "cpu": [
        "x64"
      ],
      "license": "SEE LICENSE IN LICENSE.md",
      "optional": true,
      "os": [
        "linux"
      ]
    },
    "node_modules/@anthropic-ai/claude-agent-sdk-win32-arm64": {
      "version": "0.3.146",
      "resolved": "https://registry.npmjs.org/@anthropic-ai/claude-agent-sdk-win32-arm64/-/claude-agent-sdk-win32-arm64-0.3.146.tgz",
      "integrity": "sha512-CIwQxGX2r/yWpjCJ6ahB3smKXhghWgGTxL98+LGW52TUwqTiBnlNrH9DPqqgv1/+Hyquw6xfLrKU+StyfMgiLw==",
      "cpu": [
        "arm64"
      ],
      "license": "SEE LICENSE IN LICENSE.md",
      "optional": true,
      "os": [
        "win32"
      ]
    },
    "node_modules/@anthropic-ai/claude-agent-sdk-win32-x64": {
      "version": "0.3.146",
      "resolved": "https://registry.npmjs.org/@anthropic-ai/claude-agent-sdk-win32-x64/-/claude-agent-sdk-win32-x64-0.3.146.tgz",
      "integrity": "sha512-qmxrsyaqA8s4HShqJls7ZCRjdoqN66Jo/hbjQNB3uHepD8tEO1iD19aPV4+osdLT7feMkhDBfLT07Q30R2NB5w==",
      "cpu": [
        "x64"
      ],
      "license": "SEE LICENSE IN LICENSE.md",
      "optional": true,
      "os": [
        "win32"
      ]
    },
    "node_modules/qrcode-terminal": {
      "version": "0.12.0",
      "resolved": "https://registry.npmjs.org/qrcode-terminal/-/qrcode-terminal-0.12.0.tgz",
      "integrity": "sha512-EXtzRZmC+YGmGlDFbXKxQiMZNwCLEO6BANKXG4iCtSIM0yqc/pappSx3RIKr4r0uh5JsBckOXeKrB3Iz7mdQpQ==",
      "bin": {
        "qrcode-terminal": "bin/qrcode-terminal.js"
      }
    },
    "node_modules/ws": {
      "version": "8.19.0",
      "resolved": "https://registry.npmjs.org/ws/-/ws-8.19.0.tgz",
      "integrity": "sha512-blAT2mjOEIi0ZzruJfIhb3nps74PRWTCz1IjglWEEpQl5XS/UNama6u2/rjFkDDouqr4L67ry+1aGIALViWjDg==",
      "license": "MIT",
      "engines": {
        "node": ">=10.0.0"
      },
      "peerDependencies": {
        "bufferutil": "^4.0.1",
        "utf-8-validate": ">=5.0.2"
      },
      "peerDependenciesMeta": {
        "bufferutil": {
          "optional": true
        },
        "utf-8-validate": {
          "optional": true
        }
      }
    }
  }
}
